
Microsoft Visual Studio Solution File, Format Version 12.00
# Visual Studio 15
VisualStudioVersion = 15.0.28307.168
MinimumVisualStudioVersion = 10.0.40219.1
Project("{FAE04EC0-301F-11D3-BF4B-00C04F79EFBC}") = "DrawOnLine1", "DrawOnLine1\DrawOnLine1.csproj", "{0D7BCD80-2424-434C-B8FB-6216DFC4732E}"
EndProject
Global
	GlobalSection(SolutionConfigurationPlatforms) = preSolution
		Debug|Any CPU = Debug|Any CPU
		Release|Any CPU = Release|Any CPU
	EndGlobalSection
	GlobalSection(ProjectConfigurationPlatforms) = postSolution
		{0D7BCD80-2424-434C-B8FB-6216DFC4732E}.Debug|Any CPU.ActiveCfg = Debug|Any CPU
		{0D7BCD80-2424-434C-B8FB-6216DFC4732E}.Debug|Any CPU.Build.0 = Debug|Any CPU
		{0D7BCD80-2424-434C-B8FB-6216DFC4732E}.Release|Any CPU.ActiveCfg = Release|Any CPU
		{0D7BCD80-2424-434C-B8FB-6216DFC4732E}.Release|Any CPU.Build.0 = Release|Any CPU
	EndGlobalSection
	GlobalSection(SolutionProperties) = preSolution
		HideSolutionNode = FALSE
	EndGlobalSection
	GlobalSection(ExtensibilityGlobals) = postSolution
		SolutionGuid = {AFA9275A-BD64-43E9-88BE-D59BEC3BE45B}
	EndGlobalSection
EndGlobal
